
Microsoft Visual Studio Solution File, Format Version 12.00
# Visual Studio 15
VisualStudioVersion = 15.0.28010.2050
MinimumVisualStudioVersion = 10.0.40219.1
Project("{9A19103F-16F7-4668-BE54-9A1E7A4F7556}") = "SuperBWeb", "SuperBWeb\SuperBWeb.csproj", "{1CE64DEE-33B5-44AF-B020-3B353A1A6AA5}"
EndProject
Project("{9A19103F-16F7-4668-BE54-9A1E7A4F7556}") = "SuperBMgr", "..\SuperBMgr\SuperBMgr.csproj", "{3045106B-E0A3-4094-94CC-761469EB0830}"
EndProject
Project("{9A19103F-16F7-4668-BE54-9A1E7A4F7556}") = "SuperBDevAccess", "..\SuperBDevAccess\SuperBDevAccess.csproj", "{43358395-95EE-484F-AA12-5A4E4F09DD40}"
EndProject
Global
	GlobalSection(SolutionConfigurationPlatforms) = preSolution
		Debug|Any CPU = Debug|Any CPU
		Release|Any CPU = Release|Any CPU
	EndGlobalSection
	GlobalSection(ProjectConfigurationPlatforms) = postSolution
		{1CE64DEE-33B5-44AF-B020-3B353A1A6AA5}.Debug|Any CPU.ActiveCfg = Debug|Any CPU
		{1CE64DEE-33B5-44AF-B020-3B353A1A6AA5}.Debug|Any CPU.Build.0 = Debug|Any CPU
		{1CE64DEE-33B5-44AF-B020-3B353A1A6AA5}.Release|Any CPU.ActiveCfg = Release|Any CPU
		{1CE64DEE-33B5-44AF-B020-3B353A1A6AA5}.Release|Any CPU.Build.0 = Release|Any CPU
		{3045106B-E0A3-4094-94CC-761469EB0830}.Debug|Any CPU.ActiveCfg = Debug|Any CPU
		{3045106B-E0A3-4094-94CC-761469EB0830}.Debug|Any CPU.Build.0 = Debug|Any CPU
		{3045106B-E0A3-4094-94CC-761469EB0830}.Release|Any CPU.ActiveCfg = Release|Any CPU
		{3045106B-E0A3-4094-94CC-761469EB0830}.Release|Any CPU.Build.0 = Release|Any CPU
		{43358395-95EE-484F-AA12-5A4E4F09DD40}.Debug|Any CPU.ActiveCfg = Debug|Any CPU
		{43358395-95EE-484F-AA12-5A4E4F09DD40}.Debug|Any CPU.Build.0 = Debug|Any CPU
		{43358395-95EE-484F-AA12-5A4E4F09DD40}.Release|Any CPU.ActiveCfg = Release|Any CPU
		{43358395-95EE-484F-AA12-5A4E4F09DD40}.Release|Any CPU.Build.0 = Release|Any CPU
	EndGlobalSection
	GlobalSection(SolutionProperties) = preSolution
		HideSolutionNode = FALSE
	EndGlobalSection
	GlobalSection(ExtensibilityGlobals) = postSolution
		SolutionGuid = {42B783C4-4FA4-40D5-8041-BF0FCE77F50C}
	EndGlobalSection
EndGlobal
